speakeasyVersion: 1.655.0
sources:
    Ragie-OAS:
        sourceNamespace: ragie-oas
        sourceRevisionDigest: sha256:bb235d470d3876d2e2007114673815d31c78a547a6742fc593098350892caa81
        sourceBlobDigest: sha256:7f91b01b41193ba2afbe2aed0fa19b75ba6884fc48fe1fdda4845fccfcfb92a0
        tags:
            - latest
            - speakeasy-sdk-regen-1762733280
            - 1.0.0
targets:
    ragie:
        source: Ragie-OAS
        sourceNamespace: ragie-oas
        sourceRevisionDigest: sha256:bb235d470d3876d2e2007114673815d31c78a547a6742fc593098350892caa81
        sourceBlobDigest: sha256:7f91b01b41193ba2afbe2aed0fa19b75ba6884fc48fe1fdda4845fccfcfb92a0
        codeSamplesNamespace: ragie-oas-python-code-samples
        codeSamplesRevisionDigest: sha256:7db49e09452f7b408bc9558b1e83a96097c6d4b51774cab280e180f02d1b2596
workflow:
    workflowVersion: 1.0.0
    speakeasyVersion: latest
    sources:
        Ragie-OAS:
            inputs:
                - location: https://api.ragie.ai/openapi.json
            overlays:
                - location: .speakeasy/remove-webhooks.overlay.yaml
            registry:
                location: registry.speakeasyapi.dev/ragie-ai/ragie-ai/ragie-oas
    targets:
        ragie:
            target: python
            source: Ragie-OAS
            publish:
                pypi:
                    token: $pypi_token
            codeSamples:
                registry:
                    location: registry.speakeasyapi.dev/ragie-ai/ragie-ai/ragie-oas-python-code-samples
                blocking: false
